// !$*UTF8*$!
{
	archiveVersion = 1;
	classes = {
	};
	objectVersion = 46;
	objects = {

/* Begin PBXBuildFile section */
		224220DD1573080790E533CA /* DeviceInfoViewController.m in Sources */ = {isa = PBXBuildFile; fileRef = 2242200D077495347E187D41 /* DeviceInfoViewController.m */; };
		22422174E7906732F2FF8975 /* WeekSportChartView.m in Sources */ = {isa = PBXBuildFile; fileRef = 224226FC1E5482EB27763784 /* WeekSportChartView.m */; };
		2242222D45F05F5995DFD24C /* HebeNetWork.m in Sources */ = {isa = PBXBuildFile; fileRef = 22422ACA1494DBFDBFE4B4DF /* HebeNetWork.m */; };
		2242225580249D69972741A8 /* MyCollectionCell.m in Sources */ = {isa = PBXBuildFile; fileRef = 2242216DB6DF224FA996247A /* MyCollectionCell.m */; };
		224222A759D685089C30420F /* NetViewController.m in Sources */ = {isa = PBXBuildFile; fileRef = 22422857D5176F6165D2F83B /* NetViewController.m */; };
		22422306A46B93DB86AB4ECB /* Utils.m in Sources */ = {isa = PBXBuildFile; fileRef = 22422835B6CE661D036768A8 /* Utils.m */; };
		2242231FEB987F4D67FD2FF6 /* BaseNavigationController.m in Sources */ = {isa = PBXBuildFile; fileRef = 22422325902B42834EE8746B /* BaseNavigationController.m */; };
		224223361963FCB71450E6FA /* AnimationViewController.m in Sources */ = {isa = PBXBuildFile; fileRef = 224223A464EFDF1792AD7592 /* AnimationViewController.m */; };
		224223C1FF06181E5623A2AE /* ListView.m in Sources */ = {isa = PBXBuildFile; fileRef = 224227E42C64D7C4F1A0FECE /* ListView.m */; };
		2242240FAD8258B0CCA02938 /* ProgressCircleView.m in Sources */ = {isa = PBXBuildFile; fileRef = 2242208D970435D9ED030311 /* ProgressCircleView.m */; };
		22422410FDC8A21531565572 /* MotionViewController.m in Sources */ = {isa = PBXBuildFile; fileRef = 22422FA72FE078A0AB166AF8 /* MotionViewController.m */; };
		2242241D30E60974CDC0B4EF /* loadxib.xib in Resources */ = {isa = PBXBuildFile; fileRef = 224226340EC13EC42B4261AE /* loadxib.xib */; };
		22422616185C27A7655CEDF6 /* firstxib.xib in Resources */ = {isa = PBXBuildFile; fileRef = 22422AA3837BB1808521FB40 /* firstxib.xib */; };
		2242264685DCCEF50B5E6084 /* Toast.m in Sources */ = {isa = PBXBuildFile; fileRef = 22422A5B5801079F197A8FB7 /* Toast.m */; };
		224226722CA6D8254F5837AA /* TakePhotoViewController.m in Sources */ = {isa = PBXBuildFile; fileRef = 2242282E569D14EE719E6554 /* TakePhotoViewController.m */; };
		224226CAE13106F3B807DE4F /* IntentViewController.m in Sources */ = {isa = PBXBuildFile; fileRef = 22422A80F1B2865EA465EBB1 /* IntentViewController.m */; };
		224226D4AFEDA3377EE04033 /* SecondViewController.m in Sources */ = {isa = PBXBuildFile; fileRef = 224227FA1A5B7CFA8BF6E3D5 /* SecondViewController.m */; };
		224227172C3FAE0EC9604B82 /* MyCollectionCell.xib in Resources */ = {isa = PBXBuildFile; fileRef = 224227DE63149CF186AE8A70 /* MyCollectionCell.xib */; };
		22422728A2FAAF87DED462CD /* AppDelegate.m in Sources */ = {isa = PBXBuildFile; fileRef = 22422CA91D38D11FD6414911 /* AppDelegate.m */; };
		2242278D4F5E4DB17BA8EE5D /* MyTabCell.m in Sources */ = {isa = PBXBuildFile; fileRef = 224220ECB8E422498225435B /* MyTabCell.m */; };
		2242278EE629E5441C84AD5D /* ALXibViewController.m in Sources */ = {isa = PBXBuildFile; fileRef = 2242270209995A0892AD0EFE /* ALXibViewController.m */; };
		224227A790344B42B52A6AB3 /* HebeVCAT.m in Sources */ = {isa = PBXBuildFile; fileRef = 22422053D9500C9CCD91F96A /* HebeVCAT.m */; };
		224228C477BBFB24B8FFDBE6 /* CollectionView.m in Sources */ = {isa = PBXBuildFile; fileRef = 22422574E3A38C54A42B598C /* CollectionView.m */; };
		224228EF5378166466774CDA /* SelfDrawViewController.m in Sources */ = {isa = PBXBuildFile; fileRef = 22422B4F5A645559FE736E33 /* SelfDrawViewController.m */; };
		2242297BA8093861B907884C /* NormalViewController.m in Sources */ = {isa = PBXBuildFile; fileRef = 22422126D4043299B09A9958 /* NormalViewController.m */; };
		224229D5304BF31E5E93D2B5 /* MyGesRecViewController.m in Sources */ = {isa = PBXBuildFile; fileRef = 2242286DCD28ABF1D74D5628 /* MyGesRecViewController.m */; };
		224229FBA6A92B43DD5F6DE2 /* NotificationViewController.m in Sources */ = {isa = PBXBuildFile; fileRef = 224220476E79F2E1CD7063AB /* NotificationViewController.m */; };
		22422A3D32CFCC4563DEAD59 /* 1.png in Resources */ = {isa = PBXBuildFile; fileRef = 224220681E402D7034653E6F /* 1.png */; };
		22422A3E0B396D578F4C41D4 /* LauncherView.m in Sources */ = {isa = PBXBuildFile; fileRef = 2242296D69822564C1D66DDB /* LauncherView.m */; };
		22422AFED87FB2745CD80206 /* JapannessViewController.m in Sources */ = {isa = PBXBuildFile; fileRef = 224225EE81CDA90D5F61443A /* JapannessViewController.m */; };
		22422B55A5D1CAF854370A28 /* ProgressMDView.m in Sources */ = {isa = PBXBuildFile; fileRef = 224224BBABE702B6033D1D4B /* ProgressMDView.m */; };
		22422BF882D0222D51527956 /* HorizontalProgressDrawView.m in Sources */ = {isa = PBXBuildFile; fileRef = 22422DD6F520B9DD5E7D1B8F /* HorizontalProgressDrawView.m */; };
		22422D760D28ADF3B045DC56 /* BaseDrawView.m in Sources */ = {isa = PBXBuildFile; fileRef = 224225B751379C2D38FB1CE7 /* BaseDrawView.m */; };
		22422E0F330818BD43F93C6F /* XibViewController.m in Sources */ = {isa = PBXBuildFile; fileRef = 224228AF7B426E4516C3A641 /* XibViewController.m */; };
		22422E6188C560D3CA5557D4 /* BaseTabBarController.m in Sources */ = {isa = PBXBuildFile; fileRef = 2242211AC98E84D150129B41 /* BaseTabBarController.m */; };
		22422E95FB750A48C01ED35E /* UITextFiledViewController.m in Sources */ = {isa = PBXBuildFile; fileRef = 22422916A12F222AD1B13525 /* UITextFiledViewController.m */; };
		812770AB1DC33E4400DB2563 /* autotest.xib in Resources */ = {isa = PBXBuildFile; fileRef = 812770AA1DC33E4400DB2563 /* autotest.xib */; };
		812BABBF1DACFC9300A5817E /* bingo.png in Resources */ = {isa = PBXBuildFile; fileRef = 812BABBE1DACFC9300A5817E /* bingo.png */; };
		812BABC21DADE15D00A5817E /* SanDTOUCHViewController.m in Sources */ = {isa = PBXBuildFile; fileRef = 812BABC11DADE15D00A5817E /* SanDTOUCHViewController.m */; };
		812BABC51DAE531500A5817E /* PeekViewController.m in Sources */ = {isa = PBXBuildFile; fileRef = 812BABC41DAE531500A5817E /* PeekViewController.m */; };
		8141653A1DBF6A5200C4CB83 /* LocalAuthentication.framework in Frameworks */ = {isa = PBXBuildFile; fileRef = 814165391DBF6A5200C4CB83 /* LocalAuthentication.framework */; };
		8141653D1DBF6A8600C4CB83 /* TouchIdViewController.m in Sources */ = {isa = PBXBuildFile; fileRef = 8141653C1DBF6A8600C4CB83 /* TouchIdViewController.m */; };
		81787EB51D25F69C00E75257 /* main.m in Sources */ = {isa = PBXBuildFile; fileRef = 81787EB41D25F69C00E75257 /* main.m */; };
		81787EBE1D25F69C00E75257 /* Main.storyboard in Resources */ = {isa = PBXBuildFile; fileRef = 81787EBC1D25F69C00E75257 /* Main.storyboard */; };
		81787EC01D25F69C00E75257 /* Assets.xcassets in Resources */ = {isa = PBXBuildFile; fileRef = 81787EBF1D25F69C00E75257 /* Assets.xcassets */; };
		81787EC31D25F69C00E75257 /* LaunchScreen.storyboard in Resources */ = {isa = PBXBuildFile; fileRef = 81787EC11D25F69C00E75257 /* LaunchScreen.storyboard */; };
		81AFECFD1D462E800041A35C /* BaseViewController.m in Sources */ = {isa = PBXBuildFile; fileRef = 81AFECFC1D462E800041A35C /* BaseViewController.m */; };
		81DEE2681DB4D75300FE174F /* Security.framework in Frameworks */ = {isa = PBXBuildFile; fileRef = 81DEE2671DB4D75300FE174F /* Security.framework */; };
		81DEE26C1DB4D7BA00FE174F /* CoreTelephony.framework in Frameworks */ = {isa = PBXBuildFile; fileRef = 81DEE26B1DB4D7BA00FE174F /* CoreTelephony.framework */; };
		81DEE26E1DB4D7C200FE174F /* AdSupport.framework in Frameworks */ = {isa = PBXBuildFile; fileRef = 81DEE26D1DB4D7C200FE174F /* AdSupport.framework */; };
		81DEE2701DB4D7D100FE174F /* AudioToolbox.framework in Frameworks */ = {isa = PBXBuildFile; fileRef = 81DEE26F1DB4D7D100FE174F /* AudioToolbox.framework */; };
		81DEE2721DB4D7D800FE174F /* SystemConfiguration.framework in Frameworks */ = {isa = PBXBuildFile; fileRef = 81DEE2711DB4D7D800FE174F /* SystemConfiguration.framework */; };
		81DEE2741DB4D7DE00FE174F /* QuartzCore.framework in Frameworks */ = {isa = PBXBuildFile; fileRef = 81DEE2731DB4D7DE00FE174F /* QuartzCore.framework */; };
		81DEE2761DB4D7E500FE174F /* CoreGraphics.framework in Frameworks */ = {isa = PBXBuildFile; fileRef = 81DEE2751DB4D7E500FE174F /* CoreGraphics.framework */; };
		81DEE2781DB4D7F000FE174F /* UIKit.framework in Frameworks */ = {isa = PBXBuildFile; fileRef = 81DEE2771DB4D7F000FE174F /* UIKit.framework */; };
		81DEE27C1DB4D81D00FE174F /* libsqlite3.dylib in Frameworks */ = {isa = PBXBuildFile; fileRef = 81DEE27B1DB4D81D00FE174F /* libsqlite3.dylib */; };
		81DEE27E1DB4D86300FE174F /* libz.tbd in Frameworks */ = {isa = PBXBuildFile; fileRef = 81DEE27D1DB4D86300FE174F /* libz.tbd */; };
		81DEE2881DB4DCCF00FE174F /* GT.framework in Frameworks */ = {isa = PBXBuildFile; fileRef = 81DEE2851DB4DCCF00FE174F /* GT.framework */; };
		81DEE2891DB4DCCF00FE174F /* GT.bundle in Resources */ = {isa = PBXBuildFile; fileRef = 81DEE2871DB4DCCF00FE174F /* GT.bundle */; };
/* End PBXBuildFile section */

/* Begin PBXContainerItemProxy section */
		81787ECA1D25F69C00E75257 /* PBXContainerItemProxy */ = {
			isa = PBXContainerItemProxy;
			containerPortal = 81787EA81D25F69C00E75257 /* Project object */;
			proxyType = 1;
			remoteGlobalIDString = 81787EAF1D25F69C00E75257;
			remoteInfo = firstiosapp;
		};
		81787ED51D25F69C00E75257 /* PBXContainerItemProxy */ = {
			isa = PBXContainerItemProxy;
			containerPortal = 81787EA81D25F69C00E75257 /* Project object */;
			proxyType = 1;
			remoteGlobalIDString = 81787EAF1D25F69C00E75257;
			remoteInfo = firstiosapp;
		};
/* End PBXContainerItemProxy section */

/* Begin PBXFileReference section */
		2242200D077495347E187D41 /* DeviceInfoViewController.m */ = {isa = PBXFileReference; fileEncoding = 4; lastKnownFileType = sourcecode.c.objc; path = DeviceInfoViewController.m; sourceTree = "<group>"; };
		2242201A174B2BC98D373A64 /* MyCollectionCell.h */ = {isa = PBXFileReference; fileEncoding = 4; lastKnownFileType = sourcecode.c.h; path = MyCollectionCell.h; sourceTree = "<group>"; };
		224220476E79F2E1CD7063AB /* NotificationViewController.m */ = {isa = PBXFileReference; fileEncoding = 4; lastKnownFileType = sourcecode.c.objc; path = NotificationViewController.m; sourceTree = "<group>"; };
		2242204B962CD19293E6E0F0 /* UITextFiledViewController.h */ = {isa = PBXFileReference; fileEncoding = 4; lastKnownFileType = sourcecode.c.h; path = UITextFiledViewController.h; sourceTree = "<group>"; };
		22422053D9500C9CCD91F96A /* HebeVCAT.m */ = {isa = PBXFileReference; fileEncoding = 4; lastKnownFileType = sourcecode.c.objc; path = HebeVCAT.m; sourceTree = "<group>"; };
		224220681E402D7034653E6F /* 1.png */ = {isa = PBXFileReference; lastKnownFileType = image.png; path = 1.png; sourceTree = "<group>"; };
		2242208D970435D9ED030311 /* ProgressCircleView.m */ = {isa = PBXFileReference; fileEncoding = 4; lastKnownFileType = sourcecode.c.objc; path = ProgressCircleView.m; sourceTree = "<group>"; };
		224220B1B04D0299F4B7AAD4 /* MyGesRecViewController.h */ = {isa = PBXFileReference; fileEncoding = 4; lastKnownFileType = sourcecode.c.h; path = MyGesRecViewController.h; sourceTree = "<group>"; };
		224220CB5E626DCE98052063 /* HebeVCAT.h */ = {isa = PBXFileReference; fileEncoding = 4; lastKnownFileType = sourcecode.c.h; path = HebeVCAT.h; sourceTree = "<group>"; };
		224220ECB8E422498225435B /* MyTabCell.m */ = {isa = PBXFileReference; fileEncoding = 4; lastKnownFileType = sourcecode.c.objc; path = MyTabCell.m; sourceTree = "<group>"; };
		224220EE438F73B1F105CC8B /* HorizontalProgressDrawView.h */ = {isa = PBXFileReference; fileEncoding = 4; lastKnownFileType = sourcecode.c.h; path = HorizontalProgressDrawView.h; sourceTree = "<group>"; };
		224220FACE04DA8BE327F489 /* ProgressMDView.h */ = {isa = PBXFileReference; fileEncoding = 4; lastKnownFileType = sourcecode.c.h; path = ProgressMDView.h; sourceTree = "<group>"; };
		2242211AC98E84D150129B41 /* BaseTabBarController.m */ = {isa = PBXFileReference; fileEncoding = 4; lastKnownFileType = sourcecode.c.objc; path = BaseTabBarController.m; sourceTree = "<group>"; };
		22422126D4043299B09A9958 /* NormalViewController.m */ = {isa = PBXFileReference; fileEncoding = 4; lastKnownFileType = sourcecode.c.objc; path = NormalViewController.m; sourceTree = "<group>"; };
		22422138D14E6EB752C08711 /* BaseNavigationController.h */ = {isa = PBXFileReference; fileEncoding = 4; lastKnownFileType = sourcecode.c.h; path = BaseNavigationController.h; sourceTree = "<group>"; };
		2242216DB6DF224FA996247A /* MyCollectionCell.m */ = {isa = PBXFileReference; fileEncoding = 4; lastKnownFileType = sourcecode.c.objc; path = MyCollectionCell.m; sourceTree = "<group>"; };
		2242224310BD9625DC53DED9 /* BaseTabBarController.h */ = {isa = PBXFileReference; fileEncoding = 4; lastKnownFileType = sourcecode.c.h; path = BaseTabBarController.h; sourceTree = "<group>"; };
		22422286D1676778C08B8578 /* AppConstant.h */ = {isa = PBXFileReference; fileEncoding = 4; lastKnownFileType = sourcecode.c.h; path = AppConstant.h; sourceTree = "<group>"; };
		224222E784ED1E5386920688 /* ALXibViewController.h */ = {isa = PBXFileReference; fileEncoding = 4; lastKnownFileType = sourcecode.c.h; path = ALXibViewController.h; sourceTree = "<group>"; };
		224222FDFBD64650E16A535B /* ListView.h */ = {isa = PBXFileReference; fileEncoding = 4; lastKnownFileType = sourcecode.c.h; path = ListView.h; sourceTree = "<group>"; };
		2242231FD5836D312A6DCB33 /* XibViewController.h */ = {isa = PBXFileReference; fileEncoding = 4; lastKnownFileType = sourcecode.c.h; path = XibViewController.h; sourceTree = "<group>"; };
		22422325902B42834EE8746B /* BaseNavigationController.m */ = {isa = PBXFileReference; fileEncoding = 4; lastKnownFileType = sourcecode.c.objc; path = BaseNavigationController.m; sourceTree = "<group>"; };
		224223508B787B6DFE2EF072 /* CollectionView.h */ = {isa = PBXFileReference; fileEncoding = 4; lastKnownFileType = sourcecode.c.h; path = CollectionView.h; sourceTree = "<group>"; };
		224223A464EFDF1792AD7592 /* AnimationViewController.m */ = {isa = PBXFileReference; fileEncoding = 4; lastKnownFileType = sourcecode.c.objc; path = AnimationViewController.m; sourceTree = "<group>"; };
		224223CEBC305BEFB1BBED18 /* IntentViewController.h */ = {isa = PBXFileReference; fileEncoding = 4; lastKnownFileType = sourcecode.c.h; path = IntentViewController.h; sourceTree = "<group>"; };
		224224345CB9260CFB31D49F /* NotificationViewController.h */ = {isa = PBXFileReference; fileEncoding = 4; lastKnownFileType = sourcecode.c.h; path = NotificationViewController.h; sourceTree = "<group>"; };
		2242244E0BB4151DF3809E92 /* AnimationViewController.h */ = {isa = PBXFileReference; fileEncoding = 4; lastKnownFileType = sourcecode.c.h; path = AnimationViewController.h; sourceTree = "<group>"; };
		224224BBABE702B6033D1D4B /* ProgressMDView.m */ = {isa = PBXFileReference; fileEncoding = 4; lastKnownFileType = sourcecode.c.objc; path = ProgressMDView.m; sourceTree = "<group>"; };
		224224F7E7487A4DE60C8C1B /* SecondViewController.h */ = {isa = PBXFileReference; fileEncoding = 4; lastKnownFileType = sourcecode.c.h; path = SecondViewController.h; sourceTree = "<group>"; };
		224225142E8732811F97BBCE /* HebeNetWork.h */ = {isa = PBXFileReference; fileEncoding = 4; lastKnownFileType = sourcecode.c.h; path = HebeNetWork.h; sourceTree = "<group>"; };
		22422574E3A38C54A42B598C /* CollectionView.m */ = {isa = PBXFileReference; fileEncoding = 4; lastKnownFileType = sourcecode.c.objc; path = CollectionView.m; sourceTree = "<group>"; };
		224225B751379C2D38FB1CE7 /* BaseDrawView.m */ = {isa = PBXFileReference; fileEncoding = 4; lastKnownFileType = sourcecode.c.objc; path = BaseDrawView.m; sourceTree = "<group>"; };
		224225D8D5ED3E4CDB9CE350 /* WeekSportChartView.h */ = {isa = PBXFileReference; fileEncoding = 4; lastKnownFileType = sourcecode.c.h; path = WeekSportChartView.h; sourceTree = "<group>"; };
		224225EE81CDA90D5F61443A /* JapannessViewController.m */ = {isa = PBXFileReference; fileEncoding = 4; lastKnownFileType = sourcecode.c.objc; path = JapannessViewController.m; sourceTree = "<group>"; };
		224226340EC13EC42B4261AE /* loadxib.xib */ = {isa = PBXFileReference; lastKnownFileType = file.xib; path = loadxib.xib; sourceTree = "<group>"; };
		2242264D995903457655C61F /* MotionViewController.h */ = {isa = PBXFileReference; fileEncoding = 4; lastKnownFileType = sourcecode.c.h; path = MotionViewController.h; sourceTree = "<group>"; };
		224226F800534A86B942C342 /* JapannessViewController.h */ = {isa = PBXFileReference; fileEncoding = 4; lastKnownFileType = sourcecode.c.h; path = JapannessViewController.h; sourceTree = "<group>"; };
		224226FC1E5482EB27763784 /* WeekSportChartView.m */ = {isa = PBXFileReference; fileEncoding = 4; lastKnownFileType = sourcecode.c.objc; path = WeekSportChartView.m; sourceTree = "<group>"; };
		2242270209995A0892AD0EFE /* ALXibViewController.m */ = {isa = PBXFileReference; fileEncoding = 4; lastKnownFileType = sourcecode.c.objc; path = ALXibViewController.m; sourceTree = "<group>"; };
		224227DE63149CF186AE8A70 /* MyCollectionCell.xib */ = {isa = PBXFileReference; lastKnownFileType = file.xib; path = MyCollectionCell.xib; sourceTree = "<group>"; };
		224227E42C64D7C4F1A0FECE /* ListView.m */ = {isa = PBXFileReference; fileEncoding = 4; lastKnownFileType = sourcecode.c.objc; path = ListView.m; sourceTree = "<group>"; };
		224227FA1A5B7CFA8BF6E3D5 /* SecondViewController.m */ = {isa = PBXFileReference; fileEncoding = 4; lastKnownFileType = sourcecode.c.objc; path = SecondViewController.m; sourceTree = "<group>"; };
		22422818DEC74ADCA77E05A0 /* Toast.h */ = {isa = PBXFileReference; fileEncoding = 4; lastKnownFileType = sourcecode.c.h; path = Toast.h; sourceTree = "<group>"; };
		22422826ACAAEF066D1847E5 /* AppDelegate.h */ = {isa = PBXFileReference; fileEncoding = 4; lastKnownFileType = sourcecode.c.h; path = AppDelegate.h; sourceTree = "<group>"; };
		2242282E569D14EE719E6554 /* TakePhotoViewController.m */ = {isa = PBXFileReference; fileEncoding = 4; lastKnownFileType = sourcecode.c.objc; path = TakePhotoViewController.m; sourceTree = "<group>"; };
		22422835B6CE661D036768A8 /* Utils.m */ = {isa = PBXFileReference; fileEncoding = 4; lastKnownFileType = sourcecode.c.objc; path = Utils.m; sourceTree = "<group>"; };
		22422857D5176F6165D2F83B /* NetViewController.m */ = {isa = PBXFileReference; fileEncoding = 4; lastKnownFileType = sourcecode.c.objc; path = NetViewController.m; sourceTree = "<group>"; };
		224228697AF3B92C4413D1EA /* BaseDrawView.h */ = {isa = PBXFileReference; fileEncoding = 4; lastKnownFileType = sourcecode.c.h; path = BaseDrawView.h; sourceTree = "<group>"; };
		2242286DCD28ABF1D74D5628 /* MyGesRecViewController.m */ = {isa = PBXFileReference; fileEncoding = 4; lastKnownFileType = sourcecode.c.objc; path = MyGesRecViewController.m; sourceTree = "<group>"; };
		224228AF7B426E4516C3A641 /* XibViewController.m */ = {isa = PBXFileReference; fileEncoding = 4; lastKnownFileType = sourcecode.c.objc; path = XibViewController.m; sourceTree = "<group>"; };
		22422916A12F222AD1B13525 /* UITextFiledViewController.m */ = {isa = PBXFileReference; fileEncoding = 4; lastKnownFileType = sourcecode.c.objc; path = UITextFiledViewController.m; sourceTree = "<group>"; };
		2242296D69822564C1D66DDB /* LauncherView.m */ = {isa = PBXFileReference; fileEncoding = 4; lastKnownFileType = sourcecode.c.objc; path = LauncherView.m; sourceTree = "<group>"; };
		2242297ACFD21D9DD4DCC9C3 /* NetViewController.h */ = {isa = PBXFileReference; fileEncoding = 4; lastKnownFileType = sourcecode.c.h; path = NetViewController.h; sourceTree = "<group>"; };
		2242297DADE078121D2630F5 /* NormalViewController.h */ = {isa = PBXFileReference; fileEncoding = 4; lastKnownFileType = sourcecode.c.h; path = NormalViewController.h; sourceTree = "<group>"; };
		22422A1CA0CB2115338F8014 /* MyTabCell.h */ = {isa = PBXFileReference; fileEncoding = 4; lastKnownFileType = sourcecode.c.h; path = MyTabCell.h; sourceTree = "<group>"; };
		22422A3F2771E5FBD17793C1 /* TakePhotoViewController.h */ = {isa = PBXFileReference; fileEncoding = 4; lastKnownFileType = sourcecode.c.h; path = TakePhotoViewController.h; sourceTree = "<group>"; };
		22422A5B5801079F197A8FB7 /* Toast.m */ = {isa = PBXFileReference; fileEncoding = 4; lastKnownFileType = sourcecode.c.objc; path = Toast.m; sourceTree = "<group>"; };
		22422A80F1B2865EA465EBB1 /* IntentViewController.m */ = {isa = PBXFileReference; fileEncoding = 4; lastKnownFileType = sourcecode.c.objc; path = IntentViewController.m; sourceTree = "<group>"; };
		22422AA3837BB1808521FB40 /* firstxib.xib */ = {isa = PBXFileReference; lastKnownFileType = file.xib; path = firstxib.xib; sourceTree = "<group>"; };
		22422ACA1494DBFDBFE4B4DF /* HebeNetWork.m */ = {isa = PBXFileReference; fileEncoding = 4; lastKnownFileType = sourcecode.c.objc; path = HebeNetWork.m; sourceTree = "<group>"; };
		22422B4F5A645559FE736E33 /* SelfDrawViewController.m */ = {isa = PBXFileReference; fileEncoding = 4; lastKnownFileType = sourcecode.c.objc; path = SelfDrawViewController.m; sourceTree = "<group>"; };
		22422B526E688687786F5CD8 /* Utils.h */ = {isa = PBXFileReference; fileEncoding = 4; lastKnownFileType = sourcecode.c.h; path = Utils.h; sourceTree = "<group>"; };
		22422BAA5D806B5339FDF9D1 /* ProgressCircleView.h */ = {isa = PBXFileReference; fileEncoding = 4; lastKnownFileType = sourcecode.c.h; path = ProgressCircleView.h; sourceTree = "<group>"; };
		22422CA91D38D11FD6414911 /* AppDelegate.m */ = {isa = PBXFileReference; fileEncoding = 4; lastKnownFileType = sourcecode.c.objc; path = AppDelegate.m; sourceTree = "<group>"; };
		22422D00CCD06BF2BD1C6AF4 /* DeviceInfoViewController.h */ = {isa = PBXFileReference; fileEncoding = 4; lastKnownFileType = sourcecode.c.h; path = DeviceInfoViewController.h; sourceTree = "<group>"; };
		22422D5C7EE12AEF83E8EDA7 /* LauncherView.h */ = {isa = PBXFileReference; fileEncoding = 4; lastKnownFileType = sourcecode.c.h; path = LauncherView.h; sourceTree = "<group>"; };
		22422D894D3757BB3B4D613D /* SelfDrawViewController.h */ = {isa = PBXFileReference; fileEncoding = 4; lastKnownFileType = sourcecode.c.h; path = SelfDrawViewController.h; sourceTree = "<group>"; };
		22422DD6F520B9DD5E7D1B8F /* HorizontalProgressDrawView.m */ = {isa = PBXFileReference; fileEncoding = 4; lastKnownFileType = sourcecode.c.objc; path = HorizontalProgressDrawView.m; sourceTree = "<group>"; };
		22422FA72FE078A0AB166AF8 /* MotionViewController.m */ = {isa = PBXFileReference; fileEncoding = 4; lastKnownFileType = sourcecode.c.objc; path = MotionViewController.m; sourceTree = "<group>"; };
		812770AA1DC33E4400DB2563 /* autotest.xib */ = {isa = PBXFileReference; fileEncoding = 4; lastKnownFileType = file.xib; path = autotest.xib; sourceTree = "<group>"; };
		812BABBE1DACFC9300A5817E /* bingo.png */ = {isa = PBXFileReference; lastKnownFileType = image.png; name = bingo.png; path = ../../../../AppCodeWorkSpace/sh12321/sh12321/Resources/bingo.png; sourceTree = "<group>"; };
		812BABC01DADE15D00A5817E /* SanDTOUCHViewController.h */ = {isa = PBXFileReference; fileEncoding = 4; lastKnownFileType = sourcecode.c.h; path = SanDTOUCHViewController.h; sourceTree = "<group>"; };
		812BABC11DADE15D00A5817E /* SanDTOUCHViewController.m */ = {isa = PBXFileReference; fileEncoding = 4; lastKnownFileType = sourcecode.c.objc; path = SanDTOUCHViewController.m; sourceTree = "<group>"; };
		812BABC31DAE531500A5817E /* PeekViewController.h */ = {isa = PBXFileReference; fileEncoding = 4; lastKnownFileType = sourcecode.c.h; path = PeekViewController.h; sourceTree = "<group>"; };
		812BABC41DAE531500A5817E /* PeekViewController.m */ = {isa = PBXFileReference; fileEncoding = 4; lastKnownFileType = sourcecode.c.objc; path = PeekViewController.m; sourceTree = "<group>"; };
		814165391DBF6A5200C4CB83 /* LocalAuthentication.framework */ = {isa = PBXFileReference; lastKnownFileType = wrapper.framework; name = LocalAuthentication.framework; path = System/Library/Frameworks/LocalAuthentication.framework; sourceTree = SDKROOT; };
		8141653B1DBF6A8600C4CB83 /* TouchIdViewController.h */ = {isa = PBXFileReference; fileEncoding = 4; lastKnownFileType = sourcecode.c.h; path = TouchIdViewController.h; sourceTree = "<group>"; };
		8141653C1DBF6A8600C4CB83 /* TouchIdViewController.m */ = {isa = PBXFileReference; fileEncoding = 4; lastKnownFileType = sourcecode.c.objc; path = TouchIdViewController.m; sourceTree = "<group>"; };
		815A31951D4B698E00B8662D /* FirstiosappPrefixHeader.pch */ = {isa = PBXFileReference; lastKnownFileType = sourcecode.c.h; path = FirstiosappPrefixHeader.pch; sourceTree = "<group>"; };
		81787EB01D25F69C00E75257 /* firstiosapp.app */ = {isa = PBXFileReference; explicitFileType = wrapper.application; includeInIndex = 0; path = firstiosapp.app; sourceTree = BUILT_PRODUCTS_DIR; };
		81787EB41D25F69C00E75257 /* main.m */ = {isa = PBXFileReference; lastKnownFileType = sourcecode.c.objc; path = main.m; sourceTree = "<group>"; };
		81787EBD1D25F69C00E75257 /* Base */ = {isa = PBXFileReference; lastKnownFileType = file.storyboard; name = Base; path = Base.lproj/Main.storyboard; sourceTree = "<group>"; };
		81787EBF1D25F69C00E75257 /* Assets.xcassets */ = {isa = PBXFileReference; lastKnownFileType = folder.assetcatalog; path = Assets.xcassets; sourceTree = "<group>"; };
		81787EC21D25F69C00E75257 /* Base */ = {isa = PBXFileReference; lastKnownFileType = file.storyboard; name = Base; path = Base.lproj/LaunchScreen.storyboard; sourceTree = "<group>"; };
		81787EC41D25F69C00E75257 /* Info.plist */ = {isa = PBXFileReference; lastKnownFileType = text.plist.xml; path = Info.plist; sourceTree = "<group>"; };
		81787EC91D25F69C00E75257 /* firstiosappTests.xctest */ = {isa = PBXFileReference; explicitFileType = wrapper.cfbundle; includeInIndex = 0; path = firstiosappTests.xctest; sourceTree = BUILT_PRODUCTS_DIR; };
		81787ED41D25F69C00E75257 /* firstiosappUITests.xctest */ = {isa = PBXFileReference; explicitFileType = wrapper.cfbundle; includeInIndex = 0; path = firstiosappUITests.xctest; sourceTree = BUILT_PRODUCTS_DIR; };
		81AFECFB1D462E800041A35C /* BaseViewController.h */ = {isa = PBXFileReference; fileEncoding = 4; lastKnownFileType = sourcecode.c.h; path = BaseViewController.h; sourceTree = "<group>"; };
		81AFECFC1D462E800041A35C /* BaseViewController.m */ = {isa = PBXFileReference; fileEncoding = 4; lastKnownFileType = sourcecode.c.objc; path = BaseViewController.m; sourceTree = "<group>"; };
		81DEE2671DB4D75300FE174F /* Security.framework */ = {isa = PBXFileReference; lastKnownFileType = wrapper.framework; name = Security.framework; path = System/Library/Frameworks/Security.framework; sourceTree = SDKROOT; };
		81DEE26B1DB4D7BA00FE174F /* CoreTelephony.framework */ = {isa = PBXFileReference; lastKnownFileType = wrapper.framework; name = CoreTelephony.framework; path = System/Library/Frameworks/CoreTelephony.framework; sourceTree = SDKROOT; };
		81DEE26D1DB4D7C200FE174F /* AdSupport.framework */ = {isa = PBXFileReference; lastKnownFileType = wrapper.framework; name = AdSupport.framework; path = System/Library/Frameworks/AdSupport.framework; sourceTree = SDKROOT; };
		81DEE26F1DB4D7D100FE174F /* AudioToolbox.framework */ = {isa = PBXFileReference; lastKnownFileType = wrapper.framework; name = AudioToolbox.framework; path = System/Library/Frameworks/AudioToolbox.framework; sourceTree = SDKROOT; };
		81DEE2711DB4D7D800FE174F /* SystemConfiguration.framework */ = {isa = PBXFileReference; lastKnownFileType = wrapper.framework; name = SystemConfiguration.framework; path = System/Library/Frameworks/SystemConfiguration.framework; sourceTree = SDKROOT; };
		81DEE2731DB4D7DE00FE174F /* QuartzCore.framework */ = {isa = PBXFileReference; lastKnownFileType = wrapper.framework; name = QuartzCore.framework; path = System/Library/Frameworks/QuartzCore.framework; sourceTree = SDKROOT; };
		81DEE2751DB4D7E500FE174F /* CoreGraphics.framework */ = {isa = PBXFileReference; lastKnownFileType = wrapper.framework; name = CoreGraphics.framework; path = System/Library/Frameworks/CoreGraphics.framework; sourceTree = SDKROOT; };
		81DEE2771DB4D7F000FE174F /* UIKit.framework */ = {isa = PBXFileReference; lastKnownFileType = wrapper.framework; name = UIKit.framework; path = System/Library/Frameworks/UIKit.framework; sourceTree = SDKROOT; };
		81DEE2791DB4D80900FE174F /* libz.1.dylib */ = {isa = PBXFileReference; lastKnownFileType = "compiled.mach-o.dylib"; name = libz.1.dylib; path = ../../../../usr/lib/libz.1.dylib; sourceTree = "<group>"; };
		81DEE27B1DB4D81D00FE174F /* libsqlite3.dylib */ = {isa = PBXFileReference; lastKnownFileType = "compiled.mach-o.dylib"; name = libsqlite3.dylib; path = ../../../../usr/lib/libsqlite3.dylib; sourceTree = "<group>"; };
		81DEE27D1DB4D86300FE174F /* libz.tbd */ = {isa = PBXFileReference; lastKnownFileType = "sourcecode.text-based-dylib-definition"; name = libz.tbd; path = usr/lib/libz.tbd; sourceTree = SDKROOT; };
		81DEE2851DB4DCCF00FE174F /* GT.framework */ = {isa = PBXFileReference; lastKnownFileType = wrapper.framework; path = GT.framework; sourceTree = "<group>"; };
		81DEE2871DB4DCCF00FE174F /* GT.bundle */ = {isa = PBXFileReference; lastKnownFileType = "wrapper.plug-in"; path = GT.bundle; sourceTree = "<group>"; };
/* End PBXFileReference section */

/* Begin PBXFrameworksBuildPhase section */
		81787EAD1D25F69C00E75257 /* Frameworks */ = {
			isa = PBXFrameworksBuildPhase;
			buildActionMask = 2147483647;
			files = (
				8141653A1DBF6A5200C4CB83 /* LocalAuthentication.framework in Frameworks */,
				81DEE27E1DB4D86300FE174F /* libz.tbd in Frameworks */,
				81DEE27C1DB4D81D00FE174F /* libsqlite3.dylib in Frameworks */,
				81DEE2781DB4D7F000FE174F /* UIKit.framework in Frameworks */,
				81DEE2761DB4D7E500FE174F /* CoreGraphics.framework in Frameworks */,
				81DEE2881DB4DCCF00FE174F /* GT.framework in Frameworks */,
				81DEE2741DB4D7DE00FE174F /* QuartzCore.framework in Frameworks */,
				81DEE2721DB4D7D800FE174F /* SystemConfiguration.framework in Frameworks */,
				81DEE2701DB4D7D100FE174F /* AudioToolbox.framework in Frameworks */,
				81DEE26E1DB4D7C200FE174F /* AdSupport.framework in Frameworks */,
				81DEE26C1DB4D7BA00FE174F /* CoreTelephony.framework in Frameworks */,
				81DEE2681DB4D75300FE174F /* Security.framework in Frameworks */,
			);
			runOnlyForDeploymentPostprocessing = 0;
		};
		81787EC61D25F69C00E75257 /* Frameworks */ = {
			isa = PBXFrameworksBuildPhase;
			buildActionMask = 2147483647;
			files = (
			);
			runOnlyForDeploymentPostprocessing = 0;
		};
		81787ED11D25F69C00E75257 /* Frameworks */ = {
			isa = PBXFrameworksBuildPhase;
			buildActionMask = 2147483647;
			files = (
			);
			runOnlyForDeploymentPostprocessing = 0;
		};
/* End PBXFrameworksBuildPhase section */

/* Begin PBXGroup section */
		2242226826D4111D764077FE /* Animation */ = {
			isa = PBXGroup;
			children = (
				224220CB5E626DCE98052063 /* HebeVCAT.h */,
				22422053D9500C9CCD91F96A /* HebeVCAT.m */,
			);
			path = Animation;
			sourceTree = "<group>";
		};
		22422292391302D38C225A05 /* XibLayout */ = {
			isa = PBXGroup;
			children = (
				22422AA3837BB1808521FB40 /* firstxib.xib */,
				224226340EC13EC42B4261AE /* loadxib.xib */,
				224227DE63149CF186AE8A70 /* MyCollectionCell.xib */,
				812770AA1DC33E4400DB2563 /* autotest.xib */,
			);
			path = XibLayout;
			sourceTree = "<group>";
		};
		224222B57E02A504323581F5 /* Constant */ = {
			isa = PBXGroup;
			children = (
				22422286D1676778C08B8578 /* AppConstant.h */,
			);
			path = Constant;
			sourceTree = "<group>";
		};
		22422387DC0B2BF0857A5DE0 /* Utils */ = {
			isa = PBXGroup;
			children = (
				22422835B6CE661D036768A8 /* Utils.m */,
				22422B526E688687786F5CD8 /* Utils.h */,
			);
			path = Utils;
			sourceTree = "<group>";
		};
		224224F8B4B4950D42076F63 /* AutoLayoutViewController */ = {
			isa = PBXGroup;
			children = (
				224222E784ED1E5386920688 /* ALXibViewController.h */,
				2242270209995A0892AD0EFE /* ALXibViewController.m */,
			);
			name = AutoLayoutViewController;
			path = ActivityView/AutoLayoutViewController;
			sourceTree = "<group>";
		};
		224226022A56C65F4D75BAB7 /* Widget */ = {
			isa = PBXGroup;
			children = (
				22422A5B5801079F197A8FB7 /* Toast.m */,
				22422818DEC74ADCA77E05A0 /* Toast.h */,
				224228697AF3B92C4413D1EA /* BaseDrawView.h */,
				224225B751379C2D38FB1CE7 /* BaseDrawView.m */,
				224225D8D5ED3E4CDB9CE350 /* WeekSportChartView.h */,
				224226FC1E5482EB27763784 /* WeekSportChartView.m */,
				224220EE438F73B1F105CC8B /* HorizontalProgressDrawView.h */,
				22422DD6F520B9DD5E7D1B8F /* HorizontalProgressDrawView.m */,
				22422BAA5D806B5339FDF9D1 /* ProgressCircleView.h */,
				2242208D970435D9ED030311 /* ProgressCircleView.m */,
				224220FACE04DA8BE327F489 /* ProgressMDView.h */,
				224224BBABE702B6033D1D4B /* ProgressMDView.m */,
			);
			path = Widget;
			sourceTree = "<group>";
		};
		224227AB64E276AB394D3B42 /* HebeNetWork */ = {
			isa = PBXGroup;
			children = (
				224225142E8732811F97BBCE /* HebeNetWork.h */,
				22422ACA1494DBFDBFE4B4DF /* HebeNetWork.m */,
			);
			path = HebeNetWork;
			sourceTree = "<group>";
		};
		22422AEB4C4BA3E3F2EC9A69 /* ActivityView */ = {
			isa = PBXGroup;
			children = (
				224223508B787B6DFE2EF072 /* CollectionView.h */,
				22422574E3A38C54A42B598C /* CollectionView.m */,
				224227E42C64D7C4F1A0FECE /* ListView.m */,
				224222FDFBD64650E16A535B /* ListView.h */,
				2242201A174B2BC98D373A64 /* MyCollectionCell.h */,
				2242216DB6DF224FA996247A /* MyCollectionCell.m */,
				224220ECB8E422498225435B /* MyTabCell.m */,
				22422A1CA0CB2115338F8014 /* MyTabCell.h */,
				224227FA1A5B7CFA8BF6E3D5 /* SecondViewController.m */,
				224224F7E7487A4DE60C8C1B /* SecondViewController.h */,
				224228AF7B426E4516C3A641 /* XibViewController.m */,
				2242231FD5836D312A6DCB33 /* XibViewController.h */,
				2242297DADE078121D2630F5 /* NormalViewController.h */,
				22422126D4043299B09A9958 /* NormalViewController.m */,
				22422D5C7EE12AEF83E8EDA7 /* LauncherView.h */,
				2242296D69822564C1D66DDB /* LauncherView.m */,
				2242297ACFD21D9DD4DCC9C3 /* NetViewController.h */,
				22422857D5176F6165D2F83B /* NetViewController.m */,
				224224345CB9260CFB31D49F /* NotificationViewController.h */,
				224220476E79F2E1CD7063AB /* NotificationViewController.m */,
				2242244E0BB4151DF3809E92 /* AnimationViewController.h */,
				224223A464EFDF1792AD7592 /* AnimationViewController.m */,
				224220B1B04D0299F4B7AAD4 /* MyGesRecViewController.h */,
				2242286DCD28ABF1D74D5628 /* MyGesRecViewController.m */,
				22422A3F2771E5FBD17793C1 /* TakePhotoViewController.h */,
				2242282E569D14EE719E6554 /* TakePhotoViewController.m */,
				224223CEBC305BEFB1BBED18 /* IntentViewController.h */,
				22422A80F1B2865EA465EBB1 /* IntentViewController.m */,
				22422D00CCD06BF2BD1C6AF4 /* DeviceInfoViewController.h */,
				2242200D077495347E187D41 /* DeviceInfoViewController.m */,
				2242204B962CD19293E6E0F0 /* UITextFiledViewController.h */,
				22422916A12F222AD1B13525 /* UITextFiledViewController.m */,
				22422D894D3757BB3B4D613D /* SelfDrawViewController.h */,
				22422B4F5A645559FE736E33 /* SelfDrawViewController.m */,
				2242264D995903457655C61F /* MotionViewController.h */,
				22422FA72FE078A0AB166AF8 /* MotionViewController.m */,
				812BABC01DADE15D00A5817E /* SanDTOUCHViewController.h */,
				812BABC11DADE15D00A5817E /* SanDTOUCHViewController.m */,
				812BABC31DAE531500A5817E /* PeekViewController.h */,
				812BABC41DAE531500A5817E /* PeekViewController.m */,
				8141653B1DBF6A8600C4CB83 /* TouchIdViewController.h */,
				8141653C1DBF6A8600C4CB83 /* TouchIdViewController.m */,
				224226F800534A86B942C342 /* JapannessViewController.h */,
				224225EE81CDA90D5F61443A /* JapannessViewController.m */,
			);
			path = ActivityView;
			sourceTree = "<group>";
		};
		22422F0053EC1055EAA7CC9D /* Resources */ = {
			isa = PBXGroup;
			children = (
				812BABBE1DACFC9300A5817E /* bingo.png */,
				224220681E402D7034653E6F /* 1.png */,
			);
			path = Resources;
			sourceTree = "<group>";
		};
		81787EA71D25F69C00E75257 = {
			isa = PBXGroup;
			children = (
				81DEE2691DB4D75800FE174F /* Frameworks */,
				81787EB21D25F69C00E75257 /* firstiosapp */,
				81787EB11D25F69C00E75257 /* Products */,
			);
			sourceTree = "<group>";
		};
		81787EB11D25F69C00E75257 /* Products */ = {
			isa = PBXGroup;
			children = (
				81787EB01D25F69C00E75257 /* firstiosapp.app */,
				81787EC91D25F69C00E75257 /* firstiosappTests.xctest */,
				81787ED41D25F69C00E75257 /* firstiosappUITests.xctest */,
			);
			name = Products;
			sourceTree = "<group>";
		};
		81787EB21D25F69C00E75257 /* firstiosapp */ = {
			isa = PBXGroup;
			children = (
				224224F8B4B4950D42076F63 /* AutoLayoutViewController */,
				81AFECFA1D462E0F0041A35C /* BaseView */,
				81787EBC1D25F69C00E75257 /* Main.storyboard */,
				81787EBF1D25F69C00E75257 /* Assets.xcassets */,
				81787EC11D25F69C00E75257 /* LaunchScreen.storyboard */,
				81787EC41D25F69C00E75257 /* Info.plist */,
				81787EB31D25F69C00E75257 /* Supporting Files */,
				22422AEB4C4BA3E3F2EC9A69 /* ActivityView */,
				22422292391302D38C225A05 /* XibLayout */,
				22422F0053EC1055EAA7CC9D /* Resources */,
				224222B57E02A504323581F5 /* Constant */,
				22422826ACAAEF066D1847E5 /* AppDelegate.h */,
				22422CA91D38D11FD6414911 /* AppDelegate.m */,
				815A31951D4B698E00B8662D /* FirstiosappPrefixHeader.pch */,
				224226022A56C65F4D75BAB7 /* Widget */,
				22422387DC0B2BF0857A5DE0 /* Utils */,
				224227AB64E276AB394D3B42 /* HebeNetWork */,
				2242226826D4111D764077FE /* Animation */,
			);
			path = firstiosapp;
			sourceTree = "<group>";
		};
		81787EB31D25F69C00E75257 /* Supporting Files */ = {
			isa = PBXGroup;
			children = (
				81787EB41D25F69C00E75257 /* main.m */,
			);
			name = "Supporting Files";
			sourceTree = "<group>";
		};
		81AFECFA1D462E0F0041A35C /* BaseView */ = {
			isa = PBXGroup;
			children = (
				81AFECFB1D462E800041A35C /* BaseViewController.h */,
				81AFECFC1D462E800041A35C /* BaseViewController.m */,
				22422138D14E6EB752C08711 /* BaseNavigationController.h */,
				22422325902B42834EE8746B /* BaseNavigationController.m */,
				2242224310BD9625DC53DED9 /* BaseTabBarController.h */,
				2242211AC98E84D150129B41 /* BaseTabBarController.m */,
			);
			name = BaseView;
			sourceTree = "<group>";
		};
		81DEE2691DB4D75800FE174F /* Frameworks */ = {
			isa = PBXGroup;
			children = (
				814165391DBF6A5200C4CB83 /* LocalAuthentication.framework */,
				81DEE2841DB4DCCF00FE174F /* GT.embeddedframework */,
				81DEE27D1DB4D86300FE174F /* libz.tbd */,
				81DEE27B1DB4D81D00FE174F /* libsqlite3.dylib */,
				81DEE2791DB4D80900FE174F /* libz.1.dylib */,
				81DEE2771DB4D7F000FE174F /* UIKit.framework */,
				81DEE2751DB4D7E500FE174F /* CoreGraphics.framework */,
				81DEE2731DB4D7DE00FE174F /* QuartzCore.framework */,
				81DEE2711DB4D7D800FE174F /* SystemConfiguration.framework */,
				81DEE26F1DB4D7D100FE174F /* AudioToolbox.framework */,
				81DEE26D1DB4D7C200FE174F /* AdSupport.framework */,
				81DEE26B1DB4D7BA00FE174F /* CoreTelephony.framework */,
				81DEE2671DB4D75300FE174F /* Security.framework */,
			);
			name = Frameworks;
			sourceTree = "<group>";
		};
		81DEE2841DB4DCCF00FE174F /* GT.embeddedframework */ = {
			isa = PBXGroup;
			children = (
				81DEE2851DB4DCCF00FE174F /* GT.framework */,
				81DEE2861DB4DCCF00FE174F /* Resources */,
			);
			name = GT.embeddedframework;
			path = ../../Downloads/Demo4GT_proj_ios/GT.embeddedframework;
			sourceTree = "<group>";
		};
		81DEE2861DB4DCCF00FE174F /* Resources */ = {
			isa = PBXGroup;
			children = (
				81DEE2871DB4DCCF00FE174F /* GT.bundle */,
			);
			path = Resources;
			sourceTree = "<group>";
		};
/* End PBXGroup section */

/* Begin PBXNativeTarget section */
		81787EAF1D25F69C00E75257 /* firstiosapp */ = {
			isa = PBXNativeTarget;
			buildConfigurationList = 81787EDD1D25F69C00E75257 /* Build configuration list for PBXNativeTarget "firstiosapp" */;
			buildPhases = (
				81787EAC1D25F69C00E75257 /* Sources */,
				81787EAD1D25F69C00E75257 /* Frameworks */,
				81787EAE1D25F69C00E75257 /* Resources */,
			);
			buildRules = (
			);
			dependencies = (
			);
			name = firstiosapp;
			productName = firstiosapp;
			productReference = 81787EB01D25F69C00E75257 /* firstiosapp.app */;
			productType = "com.apple.product-type.application";
		};
		81787EC81D25F69C00E75257 /* firstiosappTests */ = {
			isa = PBXNativeTarget;
			buildConfigurationList = 81787EE01D25F69C00E75257 /* Build configuration list for PBXNativeTarget "firstiosappTests" */;
			buildPhases = (
				81787EC51D25F69C00E75257 /* Sources */,
				81787EC61D25F69C00E75257 /* Frameworks */,
				81787EC71D25F69C00E75257 /* Resources */,
			);
			buildRules = (
			);
			dependencies = (
				81787ECB1D25F69C00E75257 /* PBXTargetDependency */,
			);
			name = firstiosappTests;
			productName = firstiosappTests;
			productReference = 81787EC91D25F69C00E75257 /* firstiosappTests.xctest */;
			productType = "com.apple.product-type.bundle.unit-test";
		};
		81787ED31D25F69C00E75257 /* firstiosappUITests */ = {
			isa = PBXNativeTarget;
			buildConfigurationList = 81787EE31D25F69C00E75257 /* Build configuration list for PBXNativeTarget "firstiosappUITests" */;
			buildPhases = (
				81787ED01D25F69C00E75257 /* Sources */,
				81787ED11D25F69C00E75257 /* Frameworks */,
				81787ED21D25F69C00E75257 /* Resources */,
			);
			buildRules = (
			);
			dependencies = (
				81787ED61D25F69C00E75257 /* PBXTargetDependency */,
			);
			name = firstiosappUITests;
			productName = firstiosappUITests;
			productReference = 81787ED41D25F69C00E75257 /* firstiosappUITests.xctest */;
			productType = "com.apple.product-type.bundle.ui-testing";
		};
/* End PBXNativeTarget section */

/* Begin PBXProject section */
		81787EA81D25F69C00E75257 /* Project object */ = {
			isa = PBXProject;
			attributes = {
				LastUpgradeCheck = 0730;
				ORGANIZATIONNAME = Hebe;
				TargetAttributes = {
					81787EAF1D25F69C00E75257 = {
						CreatedOnToolsVersion = 7.3.1;
						DevelopmentTeam = TLGTZY7736;
						ProvisioningStyle = Automatic;
						SystemCapabilities = {
							com.apple.HealthKit = {
								enabled = 0;
							};
							com.apple.InterAppAudio = {
								enabled = 0;
							};
						};
					};
					81787EC81D25F69C00E75257 = {
						CreatedOnToolsVersion = 7.3.1;
						TestTargetID = 81787EAF1D25F69C00E75257;
					};
					81787ED31D25F69C00E75257 = {
						CreatedOnToolsVersion = 7.3.1;
						TestTargetID = 81787EAF1D25F69C00E75257;
					};
				};
			};
			buildConfigurationList = 81787EAB1D25F69C00E75257 /* Build configuration list for PBXProject "firstiosapp" */;
			compatibilityVersion = "Xcode 3.2";
			developmentRegion = English;
			hasScannedForEncodings = 0;
			knownRegions = (
				en,
				Base,
			);
			mainGroup = 81787EA71D25F69C00E75257;
			productRefGroup = 81787EB11D25F69C00E75257 /* Products */;
			projectDirPath = "";
			projectRoot = "";
			targets = (
				81787EAF1D25F69C00E75257 /* firstiosapp */,
				81787EC81D25F69C00E75257 /* firstiosappTests */,
				81787ED31D25F69C00E75257 /* firstiosappUITests */,
			);
		};
/* End PBXProject section */

/* Begin PBXResourcesBuildPhase section */
		81787EAE1D25F69C00E75257 /* Resources */ = {
			isa = PBXResourcesBuildPhase;
			buildActionMask = 2147483647;
			files = (
				81787EC31D25F69C00E75257 /* LaunchScreen.storyboard in Resources */,
				81787EC01D25F69C00E75257 /* Assets.xcassets in Resources */,
				81787EBE1D25F69C00E75257 /* Main.storyboard in Resources */,
				22422616185C27A7655CEDF6 /* firstxib.xib in Resources */,
				812770AB1DC33E4400DB2563 /* autotest.xib in Resources */,
				812BABBF1DACFC9300A5817E /* bingo.png in Resources */,
				2242241D30E60974CDC0B4EF /* loadxib.xib in Resources */,
				224227172C3FAE0EC9604B82 /* MyCollectionCell.xib in Resources */,
				22422A3D32CFCC4563DEAD59 /* 1.png in Resources */,
				81DEE2891DB4DCCF00FE174F /* GT.bundle in Resources */,
			);
			runOnlyForDeploymentPostprocessing = 0;
		};
		81787EC71D25F69C00E75257 /* Resources */ = {
			isa = PBXResourcesBuildPhase;
			buildActionMask = 2147483647;
			files = (
			);
			runOnlyForDeploymentPostprocessing = 0;
		};
		81787ED21D25F69C00E75257 /* Resources */ = {
			isa = PBXResourcesBuildPhase;
			buildActionMask = 2147483647;
			files = (
			);
			runOnlyForDeploymentPostprocessing = 0;
		};
/* End PBXResourcesBuildPhase section */

/* Begin PBXSourcesBuildPhase section */
		81787EAC1D25F69C00E75257 /* Sources */ = {
			isa = PBXSourcesBuildPhase;
			buildActionMask = 2147483647;
			files = (
				81AFECFD1D462E800041A35C /* BaseViewController.m in Sources */,
				81787EB51D25F69C00E75257 /* main.m in Sources */,
				224228C477BBFB24B8FFDBE6 /* CollectionView.m in Sources */,
				224223C1FF06181E5623A2AE /* ListView.m in Sources */,
				2242225580249D69972741A8 /* MyCollectionCell.m in Sources */,
				2242278D4F5E4DB17BA8EE5D /* MyTabCell.m in Sources */,
				812BABC21DADE15D00A5817E /* SanDTOUCHViewController.m in Sources */,
				224226D4AFEDA3377EE04033 /* SecondViewController.m in Sources */,
				22422E0F330818BD43F93C6F /* XibViewController.m in Sources */,
				22422728A2FAAF87DED462CD /* AppDelegate.m in Sources */,
				2242297BA8093861B907884C /* NormalViewController.m in Sources */,
				22422A3E0B396D578F4C41D4 /* LauncherView.m in Sources */,
				2242264685DCCEF50B5E6084 /* Toast.m in Sources */,
				224222A759D685089C30420F /* NetViewController.m in Sources */,
				22422306A46B93DB86AB4ECB /* Utils.m in Sources */,
				2242222D45F05F5995DFD24C /* HebeNetWork.m in Sources */,
				224229FBA6A92B43DD5F6DE2 /* NotificationViewController.m in Sources */,
				2242231FEB987F4D67FD2FF6 /* BaseNavigationController.m in Sources */,
				22422E6188C560D3CA5557D4 /* BaseTabBarController.m in Sources */,
				224227A790344B42B52A6AB3 /* HebeVCAT.m in Sources */,
				224223361963FCB71450E6FA /* AnimationViewController.m in Sources */,
				224229D5304BF31E5E93D2B5 /* MyGesRecViewController.m in Sources */,
				224226722CA6D8254F5837AA /* TakePhotoViewController.m in Sources */,
				224226CAE13106F3B807DE4F /* IntentViewController.m in Sources */,
				8141653D1DBF6A8600C4CB83 /* TouchIdViewController.m in Sources */,
				224220DD1573080790E533CA /* DeviceInfoViewController.m in Sources */,
				22422E95FB750A48C01ED35E /* UITextFiledViewController.m in Sources */,
				224228EF5378166466774CDA /* SelfDrawViewController.m in Sources */,
				22422D760D28ADF3B045DC56 /* BaseDrawView.m in Sources */,
				22422174E7906732F2FF8975 /* WeekSportChartView.m in Sources */,
				22422410FDC8A21531565572 /* MotionViewController.m in Sources */,
				22422BF882D0222D51527956 /* HorizontalProgressDrawView.m in Sources */,
				2242240FAD8258B0CCA02938 /* ProgressCircleView.m in Sources */,
				22422B55A5D1CAF854370A28 /* ProgressMDView.m in Sources */,
				812BABC51DAE531500A5817E /* PeekViewController.m in Sources */,
				22422AFED87FB2745CD80206 /* JapannessViewController.m in Sources */,
				2242278EE629E5441C84AD5D /* ALXibViewController.m in Sources */,
			);
			runOnlyForDeploymentPostprocessing = 0;
		};
		81787EC51D25F69C00E75257 /* Sources */ = {
			isa = PBXSourcesBuildPhase;
			buildActionMask = 2147483647;
			files = (
			);
			runOnlyForDeploymentPostprocessing = 0;
		};
		81787ED01D25F69C00E75257 /* Sources */ = {
			isa = PBXSourcesBuildPhase;
			buildActionMask = 2147483647;
			files = (
			);
			runOnlyForDeploymentPostprocessing = 0;
		};
/* End PBXSourcesBuildPhase section */

/* Begin PBXTargetDependency section */
		81787ECB1D25F69C00E75257 /* PBXTargetDependency */ = {
			isa = PBXTargetDependency;
			target = 81787EAF1D25F69C00E75257 /* firstiosapp */;
			targetProxy = 81787ECA1D25F69C00E75257 /* PBXContainerItemProxy */;
		};
		81787ED61D25F69C00E75257 /* PBXTargetDependency */ = {
			isa = PBXTargetDependency;
			target = 81787EAF1D25F69C00E75257 /* firstiosapp */;
			targetProxy = 81787ED51D25F69C00E75257 /* PBXContainerItemProxy */;
		};
/* End PBXTargetDependency section */

/* Begin PBXVariantGroup section */
		81787EBC1D25F69C00E75257 /* Main.storyboard */ = {
			isa = PBXVariantGroup;
			children = (
				81787EBD1D25F69C00E75257 /* Base */,
			);
			name = Main.storyboard;
			sourceTree = "<group>";
		};
		81787EC11D25F69C00E75257 /* LaunchScreen.storyboard */ = {
			isa = PBXVariantGroup;
			children = (
				81787EC21D25F69C00E75257 /* Base */,
			);
			name = LaunchScreen.storyboard;
			sourceTree = "<group>";
		};
/* End PBXVariantGroup section */

/* Begin XCBuildConfiguration section */
		81787EDB1D25F69C00E75257 /* Debug */ = {
			isa = XCBuildConfiguration;
			buildSettings = {
				ALWAYS_SEARCH_USER_PATHS = NO;
				CLANG_ANALYZER_NONNULL = YES;
				CLANG_CXX_LANGUAGE_STANDARD = "gnu++0x";
				CLANG_CXX_LIBRARY = "libc++";
				CLANG_ENABLE_MODULES = YES;
				CLANG_ENABLE_OBJC_ARC = YES;
				CLANG_WARN_BOOL_CONVERSION = YES;
				CLANG_WARN_CONSTANT_CONVERSION = YES;
				CLANG_WARN_DIRECT_OBJC_ISA_USAGE = YES_ERROR;
				CLANG_WARN_EMPTY_BODY = YES;
				CLANG_WARN_ENUM_CONVERSION = YES;
				CLANG_WARN_INT_CONVERSION = YES;
				CLANG_WARN_OBJC_ROOT_CLASS = YES_ERROR;
				CLANG_WARN_UNREACHABLE_CODE = YES;
				CLANG_WARN__DUPLICATE_METHOD_MATCH = YES;
				"CODE_SIGN_IDENTITY[sdk=iphoneos*]" = "iPhone Developer";
				COPY_PHASE_STRIP = NO;
				DEBUG_INFORMATION_FORMAT = dwarf;
				ENABLE_BITCODE = NO;
				ENABLE_STRICT_OBJC_MSGSEND = YES;
				ENABLE_TESTABILITY = YES;
				GCC_C_LANGUAGE_STANDARD = gnu99;
				GCC_DYNAMIC_NO_PIC = NO;
				GCC_NO_COMMON_BLOCKS = YES;
				GCC_OPTIMIZATION_LEVEL = 0;
				GCC_PREFIX_HEADER = "$(SRCROOT)/firstiosapp/FirstiosappPrefixHeader.pch";
				GCC_PREPROCESSOR_DEFINITIONS = (
					"DEBUG=1",
					"$(inherited)",
				);
				GCC_WARN_64_TO_32_BIT_CONVERSION = YES;
				GCC_WARN_ABOUT_RETURN_TYPE = YES_ERROR;
				GCC_WARN_UNDECLARED_SELECTOR = YES;
				GCC_WARN_UNINITIALIZED_AUTOS = YES_AGGRESSIVE;
				GCC_WARN_UNUSED_FUNCTION = YES;
				GCC_WARN_UNUSED_VARIABLE = YES;
				IPHONEOS_DEPLOYMENT_TARGET = 10.0;
				MTL_ENABLE_DEBUG_INFO = YES;
				ONLY_ACTIVE_ARCH = YES;
				SDKROOT = iphoneos;
			};
			name = Debug;
		};
		81787EDC1D25F69C00E75257 /* Release */ = {
			isa = XCBuildConfiguration;
			buildSettings = {
				ALWAYS_SEARCH_USER_PATHS = NO;
				CLANG_ANALYZER_NONNULL = YES;
				CLANG_CXX_LANGUAGE_STANDARD = "gnu++0x";
				CLANG_CXX_LIBRARY = "libc++";
				CLANG_ENABLE_MODULES = YES;
				CLANG_ENABLE_OBJC_ARC = YES;
				CLANG_WARN_BOOL_CONVERSION = YES;
				CLANG_WARN_CONSTANT_CONVERSION = YES;
				CLANG_WARN_DIRECT_OBJC_ISA_USAGE = YES_ERROR;
				CLANG_WARN_EMPTY_BODY = YES;
				CLANG_WARN_ENUM_CONVERSION = YES;
				CLANG_WARN_INT_CONVERSION = YES;
				CLANG_WARN_OBJC_ROOT_CLASS = YES_ERROR;
				CLANG_WARN_UNREACHABLE_CODE = YES;
				CLANG_WARN__DUPLICATE_METHOD_MATCH = YES;
				"CODE_SIGN_IDENTITY[sdk=iphoneos*]" = "iPhone Developer";
				COPY_PHASE_STRIP = NO;
				DEBUG_INFORMATION_FORMAT = "dwarf-with-dsym";
				ENABLE_NS_ASSERTIONS = NO;
				ENABLE_STRICT_OBJC_MSGSEND = YES;
				GCC_C_LANGUAGE_STANDARD = gnu99;
				GCC_NO_COMMON_BLOCKS = YES;
				GCC_PREFIX_HEADER = "$(SRCROOT)/firstiosapp/FirstiosappPrefixHeader.pch";
				GCC_WARN_64_TO_32_BIT_CONVERSION = YES;
				GCC_WARN_ABOUT_RETURN_TYPE = YES_ERROR;
				GCC_WARN_UNDECLARED_SELECTOR = YES;
				GCC_WARN_UNINITIALIZED_AUTOS = YES_AGGRESSIVE;
				GCC_WARN_UNUSED_FUNCTION = YES;
				GCC_WARN_UNUSED_VARIABLE = YES;
				IPHONEOS_DEPLOYMENT_TARGET = 10.0;
				MTL_ENABLE_DEBUG_INFO = NO;
				SDKROOT = iphoneos;
				VALIDATE_PRODUCT = YES;
			};
			name = Release;
		};
		81787EDE1D25F69C00E75257 /* Debug */ = {
			isa = XCBuildConfiguration;
			buildSettings = {
				ASSETCATALOG_COMPILER_APPICON_NAME = AppIcon;
				ASSETCATALOG_COMPILER_LAUNCHIMAGE_NAME = LaunchImage;
				CODE_SIGN_IDENTITY = "iPhone Developer";
				"CODE_SIGN_IDENTITY[sdk=iphoneos*]" = "iPhone Developer";
				DEVELOPMENT_TEAM = TLGTZY7736;
				FRAMEWORK_SEARCH_PATHS = (
					"$(inherited)",
					"$(PROJECT_DIR)/firstiosapp/GT.embeddedframework",
				);
				INFOPLIST_FILE = firstiosapp/Info.plist;
				IPHONEOS_DEPLOYMENT_TARGET = 7.0;
				LD_RUNPATH_SEARCH_PATHS = "$(inherited) @executable_path/Frameworks";
				PRODUCT_BUNDLE_IDENTIFIER = com.hebe.firstiosapp1;
				PRODUCT_NAME = "$(TARGET_NAME)";
				PROVISIONING_PROFILE = "";
				TARGETED_DEVICE_FAMILY = "1,2";
			};
			name = Debug;
		};
		81787EDF1D25F69C00E75257 /* Release */ = {
			isa = XCBuildConfiguration;
			buildSettings = {
				ASSETCATALOG_COMPILER_APPICON_NAME = AppIcon;
				ASSETCATALOG_COMPILER_LAUNCHIMAGE_NAME = LaunchImage;
				CODE_SIGN_IDENTITY = "iPhone Developer";
				"CODE_SIGN_IDENTITY[sdk=iphoneos*]" = "iPhone Developer";
				DEVELOPMENT_TEAM = TLGTZY7736;
				FRAMEWORK_SEARCH_PATHS = (
					"$(inherited)",
					"$(PROJECT_DIR)/firstiosapp/GT.embeddedframework",
				);
				INFOPLIST_FILE = firstiosapp/Info.plist;
				IPHONEOS_DEPLOYMENT_TARGET = 7.0;
				LD_RUNPATH_SEARCH_PATHS = "$(inherited) @executable_path/Frameworks";
				PRODUCT_BUNDLE_IDENTIFIER = com.hebe.firstiosapp1;
				PRODUCT_NAME = "$(TARGET_NAME)";
				PROVISIONING_PROFILE = "";
				TARGETED_DEVICE_FAMILY = "1,2";
			};
			name = Release;
		};
		81787EE11D25F69C00E75257 /* Debug */ = {
			isa = XCBuildConfiguration;
			buildSettings = {
				BUNDLE_LOADER = "$(TEST_HOST)";
				INFOPLIST_FILE = firstiosappTests/Info.plist;
				LD_RUNPATH_SEARCH_PATHS = "$(inherited) @executable_path/Frameworks @loader_path/Frameworks";
				PRODUCT_BUNDLE_IDENTIFIER = com.hebe.firstiosappTests;
				PRODUCT_NAME = "$(TARGET_NAME)";
				TEST_HOST = "$(BUILT_PRODUCTS_DIR)/firstiosapp.app/firstiosapp";
			};
			name = Debug;
		};
		81787EE21D25F69C00E75257 /* Release */ = {
			isa = XCBuildConfiguration;
			buildSettings = {
				BUNDLE_LOADER = "$(TEST_HOST)";
				INFOPLIST_FILE = firstiosappTests/Info.plist;
				LD_RUNPATH_SEARCH_PATHS = "$(inherited) @executable_path/Frameworks @loader_path/Frameworks";
				PRODUCT_BUNDLE_IDENTIFIER = com.hebe.firstiosappTests;
				PRODUCT_NAME = "$(TARGET_NAME)";
				TEST_HOST = "$(BUILT_PRODUCTS_DIR)/firstiosapp.app/firstiosapp";
			};
			name = Release;
		};
		81787EE41D25F69C00E75257 /* Debug */ = {
			isa = XCBuildConfiguration;
			buildSettings = {
				INFOPLIST_FILE = firstiosappUITests/Info.plist;
				LD_RUNPATH_SEARCH_PATHS = "$(inherited) @executable_path/Frameworks @loader_path/Frameworks";
				PRODUCT_BUNDLE_IDENTIFIER = com.hebe.firstiosappUITests;
				PRODUCT_NAME = "$(TARGET_NAME)";
				TEST_TARGET_NAME = firstiosapp;
			};
			name = Debug;
		};
		81787EE51D25F69C00E75257 /* Release */ = {
			isa = XCBuildConfiguration;
			buildSettings = {
				INFOPLIST_FILE = firstiosappUITests/Info.plist;
				LD_RUNPATH_SEARCH_PATHS = "$(inherited) @executable_path/Frameworks @loader_path/Frameworks";
				PRODUCT_BUNDLE_IDENTIFIER = com.hebe.firstiosappUITests;
				PRODUCT_NAME = "$(TARGET_NAME)";
				TEST_TARGET_NAME = firstiosapp;
			};
			name = Release;
		};
/* End XCBuildConfiguration section */

/* Begin XCConfigurationList section */
		81787EAB1D25F69C00E75257 /* Build configuration list for PBXProject "firstiosapp" */ = {
			isa = XCConfigurationList;
			buildConfigurations = (
				81787EDB1D25F69C00E75257 /* Debug */,
				81787EDC1D25F69C00E75257 /* Release */,
			);
			defaultConfigurationIsVisible = 0;
			defaultConfigurationName = Release;
		};
		81787EDD1D25F69C00E75257 /* Build configuration list for PBXNativeTarget "firstiosapp" */ = {
			isa = XCConfigurationList;
			buildConfigurations = (
				81787EDE1D25F69C00E75257 /* Debug */,
				81787EDF1D25F69C00E75257 /* Release */,
			);
			defaultConfigurationIsVisible = 0;
			defaultConfigurationName = Release;
		};
		81787EE01D25F69C00E75257 /* Build configuration list for PBXNativeTarget "firstiosappTests" */ = {
			isa = XCConfigurationList;
			buildConfigurations = (
				81787EE11D25F69C00E75257 /* Debug */,
				81787EE21D25F69C00E75257 /* Release */,
			);
			defaultConfigurationIsVisible = 0;
			defaultConfigurationName = Release;
		};
		81787EE31D25F69C00E75257 /* Build configuration list for PBXNativeTarget "firstiosappUITests" */ = {
			isa = XCConfigurationList;
			buildConfigurations = (
				81787EE41D25F69C00E75257 /* Debug */,
				81787EE51D25F69C00E75257 /* Release */,
			);
			defaultConfigurationIsVisible = 0;
			defaultConfigurationName = Release;
		};
/* End XCConfigurationList section */
	};
	rootObject = 81787EA81D25F69C00E75257 /* Project object */;
}
